
Microsoft Visual Studio Solution File, Format Version 12.00
# Visual Studio 15
VisualStudioVersion = 15.0.27004.2009
MinimumVisualStudioVersion = 10.0.40219.1
Project("{00D1A9C2-B5F0-4AF3-8072-F6C62B433612}") = "CLRNoticias", "CLRNoticias\CLRNoticias.sqlproj", "{41F7661A-BF56-47F5-BA8C-C4252EDCBA1D}"
EndProject
Project("{FAE04EC0-301F-11D3-BF4B-00C04F79EFBC}") = "Bibliotecas", "Bibliotecas\Bibliotecas.csproj", "{29D2E1D9-AA35-490A-9D77-FC78E3E51605}"
EndProject
Global
	GlobalSection(SolutionConfigurationPlatforms) = preSolution
		Debug|Any CPU = Debug|Any CPU
		Release|Any CPU = Release|Any CPU
	EndGlobalSection
	GlobalSection(ProjectConfigurationPlatforms) = postSolution
		{41F7661A-BF56-47F5-BA8C-C4252EDCBA1D}.Debug|Any CPU.ActiveCfg = Debug|Any CPU
		{41F7661A-BF56-47F5-BA8C-C4252EDCBA1D}.Debug|Any CPU.Build.0 = Debug|Any CPU
		{41F7661A-BF56-47F5-BA8C-C4252EDCBA1D}.Debug|Any CPU.Deploy.0 = Debug|Any CPU
		{41F7661A-BF56-47F5-BA8C-C4252EDCBA1D}.Release|Any CPU.ActiveCfg = Release|Any CPU
		{41F7661A-BF56-47F5-BA8C-C4252EDCBA1D}.Release|Any CPU.Build.0 = Release|Any CPU
		{41F7661A-BF56-47F5-BA8C-C4252EDCBA1D}.Release|Any CPU.Deploy.0 = Release|Any CPU
		{29D2E1D9-AA35-490A-9D77-FC78E3E51605}.Debug|Any CPU.ActiveCfg = Debug|Any CPU
		{29D2E1D9-AA35-490A-9D77-FC78E3E51605}.Debug|Any CPU.Build.0 = Debug|Any CPU
		{29D2E1D9-AA35-490A-9D77-FC78E3E51605}.Release|Any CPU.ActiveCfg = Release|Any CPU
		{29D2E1D9-AA35-490A-9D77-FC78E3E51605}.Release|Any CPU.Build.0 = Release|Any CPU
	EndGlobalSection
	GlobalSection(SolutionProperties) = preSolution
		HideSolutionNode = FALSE
	EndGlobalSection
	GlobalSection(ExtensibilityGlobals) = postSolution
		SolutionGuid = {154F114B-B43C-4FD2-9E08-D13F13FC5202}
	EndGlobalSection
EndGlobal
